
Microsoft Visual Studio Solution File, Format Version 12.00
# Visual Studio Version 17
VisualStudioVersion = 17.9.34701.34
MinimumVisualStudioVersion = 10.0.40219.1
Project("{FAE04EC0-301F-11D3-BF4B-00C04F79EFBC}") = "JonathanGranja", "JonathanGranja\JonathanGranja.csproj", "{02EEE945-F15F-47E3-B67A-FEC86A160870}"
EndProject
Global
	GlobalSection(SolutionConfigurationPlatforms) = preSolution
		Debug|Any CPU = Debug|Any CPU
		Release|Any CPU = Release|Any CPU
	EndGlobalSection
	GlobalSection(ProjectConfigurationPlatforms) = postSolution
		{02EEE945-F15F-47E3-B67A-FEC86A160870}.Debug|Any CPU.ActiveCfg = Debug|Any CPU
		{02EEE945-F15F-47E3-B67A-FEC86A160870}.Debug|Any CPU.Build.0 = Debug|Any CPU
		{02EEE945-F15F-47E3-B67A-FEC86A160870}.Release|Any CPU.ActiveCfg = Release|Any CPU
		{02EEE945-F15F-47E3-B67A-FEC86A160870}.Release|Any CPU.Build.0 = Release|Any CPU
	EndGlobalSection
	GlobalSection(SolutionProperties) = preSolution
		HideSolutionNode = FALSE
	EndGlobalSection
	GlobalSection(ExtensibilityGlobals) = postSolution
		SolutionGuid = {044DA225-6A43-4FDD-AE36-2E08A549AA30}
	EndGlobalSection
EndGlobal
